// !$*UTF8*$!
{
	archiveVersion = 1;
	classes = {
	};
	objectVersion = 46;
	objects = {

/* Begin PBXBuildFile section */
		4567D22119BBC52F00432B23 /* AppDelegate.swift in Sources */ = {isa = PBXBuildFile; fileRef = 4567D22019BBC52F00432B23 /* AppDelegate.swift */; };
		4567D22319BBC52F00432B23 /* ViewController.swift in Sources */ = {isa = PBXBuildFile; fileRef = 4567D22219BBC52F00432B23 /* ViewController.swift */; };
		4567D22619BBC52F00432B23 /* Main.storyboard in Resources */ = {isa = PBXBuildFile; fileRef = 4567D22419BBC52F00432B23 /* Main.storyboard */; };
		4567D22819BBC52F00432B23 /* Images.xcassets in Resources */ = {isa = PBXBuildFile; fileRef = 4567D22719BBC52F00432B23 /* Images.xcassets */; };
		4567D23419BBC52F00432B23 /* tip_calculatorTests.swift in Sources */ = {isa = PBXBuildFile; fileRef = 4567D23319BBC52F00432B23 /* tip_calculatorTests.swift */; };
		4594344619BD6E0100544BA8 /* bg-15.png in Resources */ = {isa = PBXBuildFile; fileRef = 4594344319BD6E0100544BA8 /* bg-15.png */; };
		4594344719BD6E0100544BA8 /* bg-20.png in Resources */ = {isa = PBXBuildFile; fileRef = 4594344419BD6E0100544BA8 /* bg-20.png */; };
		4594344819BD6E0100544BA8 /* bg-25-2.png in Resources */ = {isa = PBXBuildFile; fileRef = 4594344519BD6E0100544BA8 /* bg-25-2.png */; };
		4594344C19BD71F700544BA8 /* icon-person.png in Resources */ = {isa = PBXBuildFile; fileRef = 4594344B19BD71F700544BA8 /* icon-person.png */; };
		4594345219BD804600544BA8 /* icon-2person@2x.png in Resources */ = {isa = PBXBuildFile; fileRef = 4594344D19BD804600544BA8 /* icon-2person@2x.png */; };
		4594345319BD804600544BA8 /* icon-3person.png in Resources */ = {isa = PBXBuildFile; fileRef = 4594344E19BD804600544BA8 /* icon-3person.png */; };
		4594345419BD804600544BA8 /* icon-3person@2x.png in Resources */ = {isa = PBXBuildFile; fileRef = 4594344F19BD804600544BA8 /* icon-3person@2x.png */; };
		4594345619BD804600544BA8 /* icon-person + icon-person 2.png in Resources */ = {isa = PBXBuildFile; fileRef = 4594345119BD804600544BA8 /* icon-person + icon-person 2.png */; };
		4594345819BD810100544BA8 /* icon-4person.png in Resources */ = {isa = PBXBuildFile; fileRef = 4594345719BD810100544BA8 /* icon-4person.png */; };
/* End PBXBuildFile section */

/* Begin PBXContainerItemProxy section */
		4567D22E19BBC52F00432B23 /* PBXContainerItemProxy */ = {
			isa = PBXContainerItemProxy;
			containerPortal = 4567D21319BBC52F00432B23 /* Project object */;
			proxyType = 1;
			remoteGlobalIDString = 4567D21A19BBC52F00432B23;
			remoteInfo = "tip-calculator";
		};
/* End PBXContainerItemProxy section */

/* Begin PBXFileReference section */
		4567D21B19BBC52F00432B23 /* tip-calculator.app */ = {isa = PBXFileReference; explicitFileType = wrapper.application; includeInIndex = 0; path = "tip-calculator.app"; sourceTree = BUILT_PRODUCTS_DIR; };
		4567D21F19BBC52F00432B23 /* Info.plist */ = {isa = PBXFileReference; lastKnownFileType = text.plist.xml; path = Info.plist; sourceTree = "<group>"; };
		4567D22019BBC52F00432B23 /* AppDelegate.swift */ = {isa = PBXFileReference; lastKnownFileType = sourcecode.swift; path = AppDelegate.swift; sourceTree = "<group>"; };
		4567D22219BBC52F00432B23 /* ViewController.swift */ = {isa = PBXFileReference; lastKnownFileType = sourcecode.swift; path = ViewController.swift; sourceTree = "<group>"; };
		4567D22519BBC52F00432B23 /* Base */ = {isa = PBXFileReference; lastKnownFileType = file.storyboard; name = Base; path = Base.lproj/Main.storyboard; sourceTree = "<group>"; };
		4567D22719BBC52F00432B23 /* Images.xcassets */ = {isa = PBXFileReference; lastKnownFileType = folder.assetcatalog; path = Images.xcassets; sourceTree = "<group>"; };
		4567D22D19BBC52F00432B23 /* tip-calculatorTests.xctest */ = {isa = PBXFileReference; explicitFileType = wrapper.cfbundle; includeInIndex = 0; path = "tip-calculatorTests.xctest"; sourceTree = BUILT_PRODUCTS_DIR; };
		4567D23219BBC52F00432B23 /* Info.plist */ = {isa = PBXFileReference; lastKnownFileType = text.plist.xml; path = Info.plist; sourceTree = "<group>"; };
		4567D23319BBC52F00432B23 /* tip_calculatorTests.swift */ = {isa = PBXFileReference; lastKnownFileType = sourcecode.swift; path = tip_calculatorTests.swift; sourceTree = "<group>"; };
		4594344319BD6E0100544BA8 /* bg-15.png */ = {isa = PBXFileReference; lastKnownFileType = image.png; path = "bg-15.png"; sourceTree = "<group>"; };
		4594344419BD6E0100544BA8 /* bg-20.png */ = {isa = PBXFileReference; lastKnownFileType = image.png; path = "bg-20.png"; sourceTree = "<group>"; };
		4594344519BD6E0100544BA8 /* bg-25-2.png */ = {isa = PBXFileReference; lastKnownFileType = image.png; path = "bg-25-2.png"; sourceTree = "<group>"; };
		4594344B19BD71F700544BA8 /* icon-person.png */ = {isa = PBXFileReference; lastKnownFileType = image.png; path = "icon-person.png"; sourceTree = "<group>"; };
		4594344D19BD804600544BA8 /* icon-2person@2x.png */ = {isa = PBXFileReference; lastKnownFileType = image.png; path = "icon-2person@2x.png"; sourceTree = "<group>"; };
		4594344E19BD804600544BA8 /* icon-3person.png */ = {isa = PBXFileReference; lastKnownFileType = image.png; path = "icon-3person.png"; sourceTree = "<group>"; };
		4594344F19BD804600544BA8 /* icon-3person@2x.png */ = {isa = PBXFileReference; lastKnownFileType = image.png; path = "icon-3person@2x.png"; sourceTree = "<group>"; };
		4594345119BD804600544BA8 /* icon-person + icon-person 2.png */ = {isa = PBXFileReference; lastKnownFileType = image.png; path = "icon-person + icon-person 2.png"; sourceTree = "<group>"; };
		4594345719BD810100544BA8 /* icon-4person.png */ = {isa = PBXFileReference; lastKnownFileType = image.png; path = "icon-4person.png"; sourceTree = "<group>"; };
/* End PBXFileReference section */

/* Begin PBXFrameworksBuildPhase section */
		4567D21819BBC52F00432B23 /* Frameworks */ = {
			isa = PBXFrameworksBuildPhase;
			buildActionMask = 2147483647;
			files = (
			);
			runOnlyForDeploymentPostprocessing = 0;
		};
		4567D22A19BBC52F00432B23 /* Frameworks */ = {
			isa = PBXFrameworksBuildPhase;
			buildActionMask = 2147483647;
			files = (
			);
			runOnlyForDeploymentPostprocessing = 0;
		};
/* End PBXFrameworksBuildPhase section */

/* Begin PBXGroup section */
		4567D21219BBC52F00432B23 = {
			isa = PBXGroup;
			children = (
				4567D21D19BBC52F00432B23 /* tip-calculator */,
				4567D23019BBC52F00432B23 /* tip-calculatorTests */,
				4567D21C19BBC52F00432B23 /* Products */,
			);
			sourceTree = "<group>";
		};
		4567D21C19BBC52F00432B23 /* Products */ = {
			isa = PBXGroup;
			children = (
				4567D21B19BBC52F00432B23 /* tip-calculator.app */,
				4567D22D19BBC52F00432B23 /* tip-calculatorTests.xctest */,
			);
			name = Products;
			sourceTree = "<group>";
		};
		4567D21D19BBC52F00432B23 /* tip-calculator */ = {
			isa = PBXGroup;
			children = (
				4594344219BD6E0100544BA8 /* images */,
				4567D22019BBC52F00432B23 /* AppDelegate.swift */,
				4567D22219BBC52F00432B23 /* ViewController.swift */,
				4567D22419BBC52F00432B23 /* Main.storyboard */,
				4567D22719BBC52F00432B23 /* Images.xcassets */,
				4567D21E19BBC52F00432B23 /* Supporting Files */,
			);
			path = "tip-calculator";
			sourceTree = "<group>";
		};
		4567D21E19BBC52F00432B23 /* Supporting Files */ = {
			isa = PBXGroup;
			children = (
				4567D21F19BBC52F00432B23 /* Info.plist */,
			);
			name = "Supporting Files";
			sourceTree = "<group>";
		};
		4567D23019BBC52F00432B23 /* tip-calculatorTests */ = {
			isa = PBXGroup;
			children = (
				4567D23319BBC52F00432B23 /* tip_calculatorTests.swift */,
				4567D23119BBC52F00432B23 /* Supporting Files */,
			);
			path = "tip-calculatorTests";
			sourceTree = "<group>";
		};
		4567D23119BBC52F00432B23 /* Supporting Files */ = {
			isa = PBXGroup;
			children = (
				4567D23219BBC52F00432B23 /* Info.plist */,
			);
			name = "Supporting Files";
			sourceTree = "<group>";
		};
		4594344219BD6E0100544BA8 /* images */ = {
			isa = PBXGroup;
			children = (
				4594344D19BD804600544BA8 /* icon-2person@2x.png */,
				4594344E19BD804600544BA8 /* icon-3person.png */,
				4594344F19BD804600544BA8 /* icon-3person@2x.png */,
				4594345119BD804600544BA8 /* icon-person + icon-person 2.png */,
				4594345719BD810100544BA8 /* icon-4person.png */,
				4594344319BD6E0100544BA8 /* bg-15.png */,
				4594344B19BD71F700544BA8 /* icon-person.png */,
				4594344419BD6E0100544BA8 /* bg-20.png */,
				4594344519BD6E0100544BA8 /* bg-25-2.png */,
			);
			path = images;
			sourceTree = "<group>";
		};
/* End PBXGroup section */

/* Begin PBXNativeTarget section */
		4567D21A19BBC52F00432B23 /* tip-calculator */ = {
			isa = PBXNativeTarget;
			buildConfigurationList = 4567D23719BBC52F00432B23 /* Build configuration list for PBXNativeTarget "tip-calculator" */;
			buildPhases = (
				4567D21719BBC52F00432B23 /* Sources */,
				4567D21819BBC52F00432B23 /* Frameworks */,
				4567D21919BBC52F00432B23 /* Resources */,
			);
			buildRules = (
			);
			dependencies = (
			);
			name = "tip-calculator";
			productName = "tip-calculator";
			productReference = 4567D21B19BBC52F00432B23 /* tip-calculator.app */;
			productType = "com.apple.product-type.application";
		};
		4567D22C19BBC52F00432B23 /* tip-calculatorTests */ = {
			isa = PBXNativeTarget;
			buildConfigurationList = 4567D23A19BBC52F00432B23 /* Build configuration list for PBXNativeTarget "tip-calculatorTests" */;
			buildPhases = (
				4567D22919BBC52F00432B23 /* Sources */,
				4567D22A19BBC52F00432B23 /* Frameworks */,
				4567D22B19BBC52F00432B23 /* Resources */,
			);
			buildRules = (
			);
			dependencies = (
				4567D22F19BBC52F00432B23 /* PBXTargetDependency */,
			);
			name = "tip-calculatorTests";
			productName = "tip-calculatorTests";
			productReference = 4567D22D19BBC52F00432B23 /* tip-calculatorTests.xctest */;
			productType = "com.apple.product-type.bundle.unit-test";
		};
/* End PBXNativeTarget section */

/* Begin PBXProject section */
		4567D21319BBC52F00432B23 /* Project object */ = {
			isa = PBXProject;
			attributes = {
				LastUpgradeCheck = 0600;
				ORGANIZATIONNAME = "Olivia Muesse";
				TargetAttributes = {
					4567D21A19BBC52F00432B23 = {
						CreatedOnToolsVersion = 6.0;
					};
					4567D22C19BBC52F00432B23 = {
						CreatedOnToolsVersion = 6.0;
						TestTargetID = 4567D21A19BBC52F00432B23;
					};
				};
			};
			buildConfigurationList = 4567D21619BBC52F00432B23 /* Build configuration list for PBXProject "tip-calculator" */;
			compatibilityVersion = "Xcode 3.2";
			developmentRegion = English;
			hasScannedForEncodings = 0;
			knownRegions = (
				en,
				Base,
			);
			mainGroup = 4567D21219BBC52F00432B23;
			productRefGroup = 4567D21C19BBC52F00432B23 /* Products */;
			projectDirPath = "";
			projectRoot = "";
			targets = (
				4567D21A19BBC52F00432B23 /* tip-calculator */,
				4567D22C19BBC52F00432B23 /* tip-calculatorTests */,
			);
		};
/* End PBXProject section */

/* Begin PBXResourcesBuildPhase section */
		4567D21919BBC52F00432B23 /* Resources */ = {
			isa = PBXResourcesBuildPhase;
			buildActionMask = 2147483647;
			files = (
				4594345819BD810100544BA8 /* icon-4person.png in Resources */,
				4594345619BD804600544BA8 /* icon-person + icon-person 2.png in Resources */,
				4594345219BD804600544BA8 /* icon-2person@2x.png in Resources */,
				4594344719BD6E0100544BA8 /* bg-20.png in Resources */,
				4594344C19BD71F700544BA8 /* icon-person.png in Resources */,
				4594345319BD804600544BA8 /* icon-3person.png in Resources */,
				4594344819BD6E0100544BA8 /* bg-25-2.png in Resources */,
				4594344619BD6E0100544BA8 /* bg-15.png in Resources */,
				4594345419BD804600544BA8 /* icon-3person@2x.png in Resources */,
				4567D22619BBC52F00432B23 /* Main.storyboard in Resources */,
				4567D22819BBC52F00432B23 /* Images.xcassets in Resources */,
			);
			runOnlyForDeploymentPostprocessing = 0;
		};
		4567D22B19BBC52F00432B23 /* Resources */ = {
			isa = PBXResourcesBuildPhase;
			buildActionMask = 2147483647;
			files = (
			);
			runOnlyForDeploymentPostprocessing = 0;
		};
/* End PBXResourcesBuildPhase section */

/* Begin PBXSourcesBuildPhase section */
		4567D21719BBC52F00432B23 /* Sources */ = {
			isa = PBXSourcesBuildPhase;
			buildActionMask = 2147483647;
			files = (
				4567D22319BBC52F00432B23 /* ViewController.swift in Sources */,
				4567D22119BBC52F00432B23 /* AppDelegate.swift in Sources */,
			);
			runOnlyForDeploymentPostprocessing = 0;
		};
		4567D22919BBC52F00432B23 /* Sources */ = {
			isa = PBXSourcesBuildPhase;
			buildActionMask = 2147483647;
			files = (
				4567D23419BBC52F00432B23 /* tip_calculatorTests.swift in Sources */,
			);
			runOnlyForDeploymentPostprocessing = 0;
		};
/* End PBXSourcesBuildPhase section */

/* Begin PBXTargetDependency section */
		4567D22F19BBC52F00432B23 /* PBXTargetDependency */ = {
			isa = PBXTargetDependency;
			target = 4567D21A19BBC52F00432B23 /* tip-calculator */;
			targetProxy = 4567D22E19BBC52F00432B23 /* PBXContainerItemProxy */;
		};
/* End PBXTargetDependency section */

/* Begin PBXVariantGroup section */
		4567D22419BBC52F00432B23 /* Main.storyboard */ = {
			isa = PBXVariantGroup;
			children = (
				4567D22519BBC52F00432B23 /* Base */,
			);
			name = Main.storyboard;
			sourceTree = "<group>";
		};
/* End PBXVariantGroup section */

/* Begin XCBuildConfiguration section */
		4567D23519BBC52F00432B23 /* Debug */ = {
			isa = XCBuildConfiguration;
			buildSettings = {
				ALWAYS_SEARCH_USER_PATHS = NO;
				CLANG_CXX_LANGUAGE_STANDARD = "gnu++0x";
				CLANG_CXX_LIBRARY = "libc++";
				CLANG_ENABLE_MODULES = YES;
				CLANG_ENABLE_OBJC_ARC = YES;
				CLANG_WARN_BOOL_CONVERSION = YES;
				CLANG_WARN_CONSTANT_CONVERSION = YES;
				CLANG_WARN_DIRECT_OBJC_ISA_USAGE = YES_ERROR;
				CLANG_WARN_EMPTY_BODY = YES;
				CLANG_WARN_ENUM_CONVERSION = YES;
				CLANG_WARN_INT_CONVERSION = YES;
				CLANG_WARN_OBJC_ROOT_CLASS = YES_ERROR;
				CLANG_WARN_UNREACHABLE_CODE = YES;
				CLANG_WARN__DUPLICATE_METHOD_MATCH = YES;
				"CODE_SIGN_IDENTITY[sdk=iphoneos*]" = "iPhone Developer";
				COPY_PHASE_STRIP = NO;
				ENABLE_STRICT_OBJC_MSGSEND = YES;
				GCC_C_LANGUAGE_STANDARD = gnu99;
				GCC_DYNAMIC_NO_PIC = NO;
				GCC_OPTIMIZATION_LEVEL = 0;
				GCC_PREPROCESSOR_DEFINITIONS = (
					"DEBUG=1",
					"$(inherited)",
				);
				GCC_SYMBOLS_PRIVATE_EXTERN = NO;
				GCC_WARN_64_TO_32_BIT_CONVERSION = YES;
				GCC_WARN_ABOUT_RETURN_TYPE = YES_ERROR;
				GCC_WARN_UNDECLARED_SELECTOR = YES;
				GCC_WARN_UNINITIALIZED_AUTOS = YES_AGGRESSIVE;
				GCC_WARN_UNUSED_FUNCTION = YES;
				GCC_WARN_UNUSED_VARIABLE = YES;
				IPHONEOS_DEPLOYMENT_TARGET = 8.0;
				MTL_ENABLE_DEBUG_INFO = YES;
				ONLY_ACTIVE_ARCH = YES;
				SDKROOT = iphoneos;
				SWIFT_OPTIMIZATION_LEVEL = "-Onone";
			};
			name = Debug;
		};
		4567D23619BBC52F00432B23 /* Release */ = {
			isa = XCBuildConfiguration;
			buildSettings = {
				ALWAYS_SEARCH_USER_PATHS = NO;
				CLANG_CXX_LANGUAGE_STANDARD = "gnu++0x";
				CLANG_CXX_LIBRARY = "libc++";
				CLANG_ENABLE_MODULES = YES;
				CLANG_ENABLE_OBJC_ARC = YES;
				CLANG_WARN_BOOL_CONVERSION = YES;
				CLANG_WARN_CONSTANT_CONVERSION = YES;
				CLANG_WARN_DIRECT_OBJC_ISA_USAGE = YES_ERROR;
				CLANG_WARN_EMPTY_BODY = YES;
				CLANG_WARN_ENUM_CONVERSION = YES;
				CLANG_WARN_INT_CONVERSION = YES;
				CLANG_WARN_OBJC_ROOT_CLASS = YES_ERROR;
				CLANG_WARN_UNREACHABLE_CODE = YES;
				CLANG_WARN__DUPLICATE_METHOD_MATCH = YES;
				"CODE_SIGN_IDENTITY[sdk=iphoneos*]" = "iPhone Developer";
				COPY_PHASE_STRIP = YES;
				ENABLE_NS_ASSERTIONS = NO;
				ENABLE_STRICT_OBJC_MSGSEND = YES;
				GCC_C_LANGUAGE_STANDARD = gnu99;
				GCC_WARN_64_TO_32_BIT_CONVERSION = YES;
				GCC_WARN_ABOUT_RETURN_TYPE = YES_ERROR;
				GCC_WARN_UNDECLARED_SELECTOR = YES;
				GCC_WARN_UNINITIALIZED_AUTOS = YES_AGGRESSIVE;
				GCC_WARN_UNUSED_FUNCTION = YES;
				GCC_WARN_UNUSED_VARIABLE = YES;
				IPHONEOS_DEPLOYMENT_TARGET = 8.0;
				MTL_ENABLE_DEBUG_INFO = NO;
				SDKROOT = iphoneos;
				VALIDATE_PRODUCT = YES;
			};
			name = Release;
		};
		4567D23819BBC52F00432B23 /* Debug */ = {
			isa = XCBuildConfiguration;
			buildSettings = {
				ASSETCATALOG_COMPILER_APPICON_NAME = AppIcon;
				ASSETCATALOG_COMPILER_LAUNCHIMAGE_NAME = LaunchImage;
				INFOPLIST_FILE = "tip-calculator/Info.plist";
				LD_RUNPATH_SEARCH_PATHS = "$(inherited) @executable_path/Frameworks";
				PRODUCT_NAME = "$(TARGET_NAME)";
			};
			name = Debug;
		};
		4567D23919BBC52F00432B23 /* Release */ = {
			isa = XCBuildConfiguration;
			buildSettings = {
				ASSETCATALOG_COMPILER_APPICON_NAME = AppIcon;
				ASSETCATALOG_COMPILER_LAUNCHIMAGE_NAME = LaunchImage;
				INFOPLIST_FILE = "tip-calculator/Info.plist";
				LD_RUNPATH_SEARCH_PATHS = "$(inherited) @executable_path/Frameworks";
				PRODUCT_NAME = "$(TARGET_NAME)";
			};
			name = Release;
		};
		4567D23B19BBC52F00432B23 /* Debug */ = {
			isa = XCBuildConfiguration;
			buildSettings = {
				BUNDLE_LOADER = "$(TEST_HOST)";
				FRAMEWORK_SEARCH_PATHS = (
					"$(SDKROOT)/Developer/Library/Frameworks",
					"$(inherited)",
				);
				GCC_PREPROCESSOR_DEFINITIONS = (
					"DEBUG=1",
					"$(inherited)",
				);
				INFOPLIST_FILE = "tip-calculatorTests/Info.plist";
				LD_RUNPATH_SEARCH_PATHS = "$(inherited) @executable_path/Frameworks @loader_path/Frameworks";
				PRODUCT_NAME = "$(TARGET_NAME)";
				TEST_HOST = "$(BUILT_PRODUCTS_DIR)/tip-calculator.app/tip-calculator";
			};
			name = Debug;
		};
		4567D23C19BBC52F00432B23 /* Release */ = {
			isa = XCBuildConfiguration;
			buildSettings = {
				BUNDLE_LOADER = "$(TEST_HOST)";
				FRAMEWORK_SEARCH_PATHS = (
					"$(SDKROOT)/Developer/Library/Frameworks",
					"$(inherited)",
				);
				INFOPLIST_FILE = "tip-calculatorTests/Info.plist";
				LD_RUNPATH_SEARCH_PATHS = "$(inherited) @executable_path/Frameworks @loader_path/Frameworks";
				PRODUCT_NAME = "$(TARGET_NAME)";
				TEST_HOST = "$(BUILT_PRODUCTS_DIR)/tip-calculator.app/tip-calculator";
			};
			name = Release;
		};
/* End XCBuildConfiguration section */

/* Begin XCConfigurationList section */
		4567D21619BBC52F00432B23 /* Build configuration list for PBXProject "tip-calculator" */ = {
			isa = XCConfigurationList;
			buildConfigurations = (
				4567D23519BBC52F00432B23 /* Debug */,
				4567D23619BBC52F00432B23 /* Release */,
			);
			defaultConfigurationIsVisible = 0;
			defaultConfigurationName = Release;
		};
		4567D23719BBC52F00432B23 /* Build configuration list for PBXNativeTarget "tip-calculator" */ = {
			isa = XCConfigurationList;
			buildConfigurations = (
				4567D23819BBC52F00432B23 /* Debug */,
				4567D23919BBC52F00432B23 /* Release */,
			);
			defaultConfigurationIsVisible = 0;
			defaultConfigurationName = Release;
		};
		4567D23A19BBC52F00432B23 /* Build configuration list for PBXNativeTarget "tip-calculatorTests" */ = {
			isa = XCConfigurationList;
			buildConfigurations = (
				4567D23B19BBC52F00432B23 /* Debug */,
				4567D23C19BBC52F00432B23 /* Release */,
			);
			defaultConfigurationIsVisible = 0;
			defaultConfigurationName = Release;
		};
/* End XCConfigurationList section */
	};
	rootObject = 4567D21319BBC52F00432B23 /* Project object */;
}
